# THIS IS AN AUTOGENERATED FILE. DO NOT EDIT THIS FILE DIRECTLY.
# yarn lockfile v1


"@types/mri@*":
  version "1.1.1"
  resolved "https://registry.npmjs.org/@types/mri/-/mri-1.1.1.tgz"
  integrity sha512-nJOuiTlsvmClSr3+a/trTSx4DTuY/VURsWGKSf/eeavh0LRMqdsK60ti0TlwM5iHiGOK3/Ibkxsbr7i9rzGreA==

"@types/node@^18.14.0":
  version "18.14.0"
  resolved "https://registry.npmjs.org/@types/node/-/node-18.14.0.tgz"
  integrity sha512-5EWrvLmglK+imbCJY0+INViFWUHg1AHel1sq4ZVSfdcNqGy9Edv3UB9IIzzg+xPaUcAgZYcfVs2fBcwDeZzU0A==

"@types/sade@^1.7.4":
  version "1.7.4"
  resolved "https://registry.npmjs.org/@types/sade/-/sade-1.7.4.tgz"
  integrity sha512-6ys13kmtlY0aIOz4KtMdeBD9BHs6vSE3aRcj4vAZqXjypT2el8WZt6799CMjElVgh1cbOH/t3vrpQ4IpwytcPA==
  dependencies:
    "@types/mri" "*"

aws-sdk@2.814.0:
  version "2.814.0"
  resolved "https://registry.npmjs.org/aws-sdk/-/aws-sdk-2.814.0.tgz"
  integrity sha512-empd1m/J/MAkL6d9OeRpmg9thobULu0wk4v8W3JToaxGi2TD7PIdvE6yliZKyOVAdJINhBWEBhxR4OUIHhcGbQ==
  dependencies:
    buffer "4.9.2"
    events "1.1.1"
    ieee754 "1.1.13"
    jmespath "0.15.0"
    querystring "0.2.0"
    sax "1.2.1"
    url "0.10.3"
    uuid "3.3.2"
    xml2js "0.4.19"

awscred@1.5.0:
  version "1.5.0"
  resolved "https://registry.npmjs.org/awscred/-/awscred-1.5.0.tgz"
  integrity sha512-EkdH0O/gp5LOAU/CxCkeo6BF8qdGRmhFkVYMaNNZiNTgBHg0EpLswdtwhXZoC4t/NX5Ctx43WHHQd1Z3KrFQgg==

base64-js@^1.0.2:
  version "1.2.0"
  resolved "https://registry.npmjs.org/base64-js/-/base64-js-1.2.0.tgz"

buffer@4.9.2:
  version "4.9.2"
  resolved "https://registry.npmjs.org/buffer/-/buffer-4.9.2.tgz"
  integrity sha512-xq+q3SRMOxGivLhBNaUdC64hDTQwejJ+H0T/NB1XMtTVEwNTrfFF3gAxiyW0Bu/xWEGhjVKgUcMhCrUy2+uCWg==
  dependencies:
    base64-js "^1.0.2"
    ieee754 "^1.1.4"
    isarray "^1.0.0"

events@1.1.1:
  version "1.1.1"
  resolved "https://registry.npmjs.org/events/-/events-1.1.1.tgz"
  integrity sha1-nr23Y1rQmccNzEwqH1AEKI6L2SQ=

ieee754@^1.1.4, ieee754@1.1.13:
  version "1.1.13"
  resolved "https://registry.npmjs.org/ieee754/-/ieee754-1.1.13.tgz"
  integrity sha512-4vf7I2LYV/HaWerSo3XmlMkp5eZ83i+/CDluXi/IGTs/O1sejBNhTtnxzmRZfvOUqj7lZjqHkeTvpgSFDlWZTg==

isarray@^1.0.0:
  version "1.0.0"
  resolved "https://registry.npmjs.org/isarray/-/isarray-1.0.0.tgz"
  integrity sha1-u5NdSFgsuhaMBoNJV6VKPgcSTxE=

jmespath@0.15.0:
  version "0.15.0"
  resolved "https://registry.npmjs.org/jmespath/-/jmespath-0.15.0.tgz"

mri@^1.1.0:
  version "1.1.4"
  resolved "https://registry.npmjs.org/mri/-/mri-1.1.4.tgz"
  integrity sha512-6y7IjGPm8AzlvoUrwAaw1tLnUBudaS3752vcd8JtrpGGQn+rXIe63LFVHm/YMwtqAuh+LJPCFdlLYPWM1nYn6w==

punycode@1.3.2:
  version "1.3.2"
  resolved "https://registry.npmjs.org/punycode/-/punycode-1.3.2.tgz"

querystring@0.2.0:
  version "0.2.0"
  resolved "https://registry.npmjs.org/querystring/-/querystring-0.2.0.tgz"

sade@1.7.0:
  version "1.7.0"
  resolved "https://registry.npmjs.org/sade/-/sade-1.7.0.tgz"
  integrity sha512-HSkPpZzN7q4EFN5PVW8nTfDn1rJZh4sKbPQqz33AXokIo6SMDeVJ3RA4e0ZASlnMK6PywEMZxKXudEn5dxSWew==
  dependencies:
    mri "^1.1.0"

sax@>=0.6.0, sax@1.2.1:
  version "1.2.1"
  resolved "https://registry.npmjs.org/sax/-/sax-1.2.1.tgz"

typescript@^4.9.5:
  version "4.9.5"
  resolved "https://registry.npmjs.org/typescript/-/typescript-4.9.5.tgz"
  integrity sha512-1FXk9E2Hm+QzZQ7z+McJiHL4NW1F2EzMu9Nq9i3zAaGqibafqYwCVU6WyWAuyQRRzOlxou8xZSyXLEN8oKj24g==

url@0.10.3:
  version "0.10.3"
  resolved "https://registry.npmjs.org/url/-/url-0.10.3.tgz"
  dependencies:
    punycode "1.3.2"
    querystring "0.2.0"

uuid@3.3.2:
  version "3.3.2"
  resolved "https://registry.npmjs.org/uuid/-/uuid-3.3.2.tgz"
  integrity sha512-yXJmeNaw3DnnKAOKJE51sL/ZaYfWJRl1pK9dr19YFCu0ObS231AB1/LbqTKRAQ5kw8A90rA6fr4riOUpTZvQZA==

xml2js@0.4.19:
  version "0.4.19"
  resolved "https://registry.npmjs.org/xml2js/-/xml2js-0.4.19.tgz"
  integrity sha512-esZnJZJOiJR9wWKMyuvSE1y6Dq5LCuJanqhxslH2bxM6duahNZ+HMpCLhBQGZkbX6xRf8x1Y2eJlgt2q3qo49Q==
  dependencies:
    sax ">=0.6.0"
    xmlbuilder "~9.0.1"

xmlbuilder@~9.0.1:
  version "9.0.7"
  resolved "https://registry.npmjs.org/xmlbuilder/-/xmlbuilder-9.0.7.tgz"
  integrity sha1-Ey7mPS7FVlxVfiD0wi35rKaGsQ0=
